
Microsoft Visual Studio Solution File, Format Version 11.00
# Visual Studio 2010
Project("{8BC9CEB8-8B4A-11D0-8D11-00A0C91BC942}") = "Sample-0210", "Sample-0210\Sample-0210.vcxproj", "{BBD8EB08-6CA4-4518-BAEE-36EE8256B470}"
EndProject
Global
	GlobalSection(SolutionConfigurationPlatforms) = preSolution
		Debug|Win32 = Debug|Win32
		Release|Win32 = Release|Win32
	EndGlobalSection
	GlobalSection(ProjectConfigurationPlatforms) = postSolution
		{BBD8EB08-6CA4-4518-BAEE-36EE8256B470}.Debug|Win32.ActiveCfg = Debug|Win32
		{BBD8EB08-6CA4-4518-BAEE-36EE8256B470}.Debug|Win32.Build.0 = Debug|Win32
		{BBD8EB08-6CA4-4518-BAEE-36EE8256B470}.Release|Win32.ActiveCfg = Release|Win32
		{BBD8EB08-6CA4-4518-BAEE-36EE8256B470}.Release|Win32.Build.0 = Release|Win32
	EndGlobalSection
	GlobalSection(SolutionProperties) = preSolution
		HideSolutionNode = FALSE
	EndGlobalSection
EndGlobal
