
Microsoft Visual Studio Solution File, Format Version 11.00
# Visual Studio 2010
Project("{8BC9CEB8-8B4A-11D0-8D11-00A0C91BC942}") = "Sample-0106", "Sample-0106\Sample-0106.vcxproj", "{747C6CDD-4E34-49CD-BE14-D2DA12375DAD}"
EndProject
Global
	GlobalSection(SolutionConfigurationPlatforms) = preSolution
		Debug|Win32 = Debug|Win32
		Release|Win32 = Release|Win32
	EndGlobalSection
	GlobalSection(ProjectConfigurationPlatforms) = postSolution
		{747C6CDD-4E34-49CD-BE14-D2DA12375DAD}.Debug|Win32.ActiveCfg = Debug|Win32
		{747C6CDD-4E34-49CD-BE14-D2DA12375DAD}.Debug|Win32.Build.0 = Debug|Win32
		{747C6CDD-4E34-49CD-BE14-D2DA12375DAD}.Release|Win32.ActiveCfg = Release|Win32
		{747C6CDD-4E34-49CD-BE14-D2DA12375DAD}.Release|Win32.Build.0 = Release|Win32
	EndGlobalSection
	GlobalSection(SolutionProperties) = preSolution
		HideSolutionNode = FALSE
	EndGlobalSection
EndGlobal
