
Microsoft Visual Studio Solution File, Format Version 11.00
# Visual Studio 2010
Project("{8BC9CEB8-8B4A-11D0-8D11-00A0C91BC942}") = "lab1-1", "lab1-1\lab1-1.vcxproj", "{E264CDA8-875A-433E-ABF6-C2A8E7EE2F3A}"
EndProject
Global
	GlobalSection(SolutionConfigurationPlatforms) = preSolution
		Debug|Win32 = Debug|Win32
		Release|Win32 = Release|Win32
	EndGlobalSection
	GlobalSection(ProjectConfigurationPlatforms) = postSolution
		{E264CDA8-875A-433E-ABF6-C2A8E7EE2F3A}.Debug|Win32.ActiveCfg = Debug|Win32
		{E264CDA8-875A-433E-ABF6-C2A8E7EE2F3A}.Debug|Win32.Build.0 = Debug|Win32
		{E264CDA8-875A-433E-ABF6-C2A8E7EE2F3A}.Release|Win32.ActiveCfg = Release|Win32
		{E264CDA8-875A-433E-ABF6-C2A8E7EE2F3A}.Release|Win32.Build.0 = Release|Win32
	EndGlobalSection
	GlobalSection(SolutionProperties) = preSolution
		HideSolutionNode = FALSE
	EndGlobalSection
EndGlobal
